github.com/StasMerzlyakov/gxml v0.0.0-20220920114629-b815b2fabb20 h1:cD44AcZ70Db5aFLktVEmVJjqxhy8kVmpWoRFaAkYV80=
github.com/StasMerzlyakov/gxml v0.0.0-20220920114629-b815b2fabb20/go.mod h1:iQCqc3rr1ZJ0GbImng214U8kq9tJRIroL+noHHwQp/I=
github.com/StasMerzlyakov/gxml v0.0.0-20220920155104-82e3c36eed75 h1:hPJYvLH0FuLREHZvtPCloNjebc7OrCGpi7wq79NH+1U=
github.com/StasMerzlyakov/gxml v0.0.0-20220920155104-82e3c36eed75/go.mod h1:iQCqc3rr1ZJ0GbImng214U8kq9tJRIroL+noHHwQp/I=
github.com/StasMerzlyakov/gxml v0.0.0-20220920171154-7db1f4677ad5 h1:N+AvCepYNA6fDug2IT8m9ocvux7A1h5hLhpBDDZGZqM=
github.com/StasMerzlyakov/gxml v0.0.0-20220920171154-7db1f4677ad5/go.mod h1:iQCqc3rr1ZJ0GbImng214U8kq9tJRIroL+noHHwQp/I=
github.com/StasMerzlyakov/gxml v0.0.0-20220921114541-c9d526b789f8 h1:2D+Z2n9v47lmFk6aPUYHUSakMBqMqTXwIRuQGz4e358=
github.com/StasMerzlyakov/gxml v0.0.0-20220921114541-c9d526b789f8/go.mod h1:iQCqc3rr1ZJ0GbImng214U8kq9tJRIroL+noHHwQp/I=
github.com/StasMerzlyakov/gxml v0.0.0-20220921115111-e540cda5c397 h1:UprXksUuFw7J0bA/zMI0eobGtV2PNABM34plQ8WFxw8=
github.com/StasMerzlyakov/gxml v0.0.0-20220921115111-e540cda5c397/go.mod h1:iQCqc3rr1ZJ0GbImng214U8kq9tJRIroL+noHHwQp/I=
github.com/StasMerzlyakov/gxml v0.0.0-20220921144550-af512e18b667 h1:eEX6QaTgw6rceY3e3CrXf5g778Yb48dW8LIab+IeYZM=
github.com/StasMerzlyakov/gxml v0.0.0-20220921144550-af512e18b667/go.mod h1:iQCqc3rr1ZJ0GbImng214U8kq9tJRIroL+noHHwQp/I=
github.com/StasMerzlyakov/gxml v0.0.0-20220921173709-de5017eef9c6 h1:pTq0/OdFmO6urj2fgCb1UIcxtxdPfqUnLvNXPBVn/28=
github.com/StasMerzlyakov/gxml v0.0.0-20220921173709-de5017eef9c6/go.mod h1:iQCqc3rr1ZJ0GbImng214U8kq9tJRIroL+noHHwQp/I=
github.com/StasMerzlyakov/gxml v0.0.0-20220921174659-284868ed1ca8 h1:AQ+GbVGDah0fIx9EPOq7Ctp8zDfJXYShOuAr5VGWFRo=
github.com/StasMerzlyakov/gxml v0.0.0-20220921174659-284868ed1ca8/go.mod h1:iQCqc3rr1ZJ0GbImng214U8kq9tJRIroL+noHHwQp/I=
github.com/StasMerzlyakov/gxml v0.0.0-20220922065643-99751d2e870f h1:jTmBpFUMKmkwyjuwpeCF0fGGKcniJ3VhqFh0I22Ibq8=
github.com/StasMerzlyakov/gxml v0.0.0-20220922065643-99751d2e870f/go.mod h1:iQCqc3rr1ZJ0GbImng214U8kq9tJRIroL+noHHwQp/I=
github.com/StasMerzlyakov/gxml v0.0.0-20220923034933-dacde38a13c4 h1:eg7682zk/wesSFZD/x0SSfDfpKSGiRTBT6vFtgvqRMU=
github.com/StasMerzlyakov/gxml v0.0.0-20220923034933-dacde38a13c4/go.mod h1:iQCqc3rr1ZJ0GbImng214U8kq9tJRIroL+noHHwQp/I=
github.com/StasMerzlyakov/gxml v0.0.0-20220923143317-ae7d6b51f2e8 h1:m92jdrCFo+EE++KQFdG+h5xncrRNGccejW/FHgEEQbs=
github.com/StasMerzlyakov/gxml v0.0.0-20220923143317-ae7d6b51f2e8/go.mod h1:iQCqc3rr1ZJ0GbImng214U8kq9tJRIroL+noHHwQp/I=
github.com/StasMerzlyakov/gxml v0.0.0-20220924161305-a79964f3e3cc h1:uOGUfVezShsVFOSjM/FiZyaj8qyQFh2AukYDgoZVTew=
github.com/StasMerzlyakov/gxml v0.0.0-20220924161305-a79964f3e3cc/go.mod h1:iQCqc3rr1ZJ0GbImng214U8kq9tJRIroL+noHHwQp/I=
github.com/StasMerzlyakov/gxml v0.0.0-20220924174732-03f54f0f5b37 h1:cDdMilO+4a4d/tgl+az9ttrZloMiITL+2NNBiLWIK28=
github.com/StasMerzlyakov/gxml v0.0.0-20220924174732-03f54f0f5b37/go.mod h1:iQCqc3rr1ZJ0GbImng214U8kq9tJRIroL+noHHwQp/I=
github.com/StasMerzlyakov/gxml v0.0.0-20220924185238-0a0bb892fd0e h1:CUXUEVl9YHf4SQmDFL4ngkPuVE7IfFVRkLkgnrak5IY=
github.com/StasMerzlyakov/gxml v0.0.0-20220924185238-0a0bb892fd0e/go.mod h1:iQCqc3rr1ZJ0GbImng214U8kq9tJRIroL+noHHwQp/I=
github.com/StasMerzlyakov/gxml v0.0.0-20220925064334-dc581dd8b330 h1:PBB45k2j4vkD90nKFvHuLS4fSlB7V2EwbU8PZJlCKdE=
github.com/StasMerzlyakov/gxml v0.0.0-20220925064334-dc581dd8b330/go.mod h1:iQCqc3rr1ZJ0GbImng214U8kq9tJRIroL+noHHwQp/I=
github.com/StasMerzlyakov/gxml v0.0.0-20220925083330-fc715b2a7274 h1:/DVDRdJRy3pr4yMN73jYEMkyGPkw//qAJy4EXypf9xY=
github.com/StasMerzlyakov/gxml v0.0.0-20220925083330-fc715b2a7274/go.mod h1:iQCqc3rr1ZJ0GbImng214U8kq9tJRIroL+noHHwQp/I=
github.com/davecgh/go-spew v1.1.0/go.mod h1:J7Y8YcW2NihsgmVo/mv3lAwl/skON4iLHjSsI+c5H38=
github.com/davecgh/go-spew v1.1.1 h1:vj9j/u1bqnvCEfJOwUhtlOARqs3+rkHYY13jYWTU97c=
github.com/davecgh/go-spew v1.1.1/go.mod h1:J7Y8YcW2NihsgmVo/mv3lAwl/skON4iLHjSsI+c5H38=
github.com/pmezard/go-difflib v1.0.0 h1:4DBwDE0NGyQoBHbLQYPwSUPoCMWR5BEzIk/f1lZbAQM=
github.com/pmezard/go-difflib v1.0.0/go.mod h1:iKH77koFhYxTK1pcRnkKkqfTogsbg7gZNVY4sRDYZ/4=
github.com/stretchr/objx v0.1.0/go.mod h1:HFkY916IF+rwdDfMAkV7OtwuqBVzrE8GR6GFx+wExME=
github.com/stretchr/objx v0.4.0/go.mod h1:YvHI0jy2hoMjB+UWwv71VJQ9isScKT/TqJzVSSt89Yw=
github.com/stretchr/testify v1.7.1/go.mod h1:6Fq8oRcR53rry900zMqJjRRixrwX3KX962/h/Wwjteg=
github.com/stretchr/testify v1.8.0 h1:pSgiaMZlXftHpm5L7V1+rVB+AZJydKsMxsQBIJw4PKk=
github.com/stretchr/testify v1.8.0/go.mod h1:yNjHg4UonilssWZ8iaSj1OCr/vHnekPRkoO+kdMU+MU=
golang.org/x/exp v0.0.0-20220921164117-439092de6870 h1:j8b6j9gzSigH28O5SjSpQSSh9lFd6f5D/q0aHjNTulc=
golang.org/x/exp v0.0.0-20220921164117-439092de6870/go.mod h1:cyybsKvd6eL0RnXn6p/Grxp8F5bW7iYuBgsNCOHpMYE=
gopkg.in/check.v1 v0.0.0-20161208181325-20d25e280405/go.mod h1:Co6ibVJAznAaIkqp8huTwlJQCZ016jof/cbN4VW5Yz0=
gopkg.in/yaml.v3 v3.0.0-20200313102051-9f266ea9e77c/go.mod h1:K4uyk7z7BCEPqu6E+C64Yfv1cQ7kz7rIZviUmN+EgEM=
gopkg.in/yaml.v3 v3.0.1 h1:fxVm/GzAzEWqLHuvctI91KS9hhNmmWOoWu0XTYJS7CA=
gopkg.in/yaml.v3 v3.0.1/go.mod h1:K4uyk7z7BCEPqu6E+C64Yfv1cQ7kz7rIZviUmN+EgEM=
